
Microsoft Visual Studio Solution File, Format Version 12.00
# Visual Studio Version 17
VisualStudioVersion = 17.6.33829.357
MinimumVisualStudioVersion = 10.0.40219.1
Project("{FAE04EC0-301F-11D3-BF4B-00C04F79EFBC}") = "physyn", "physyn.csproj", "{04A26E9D-D055-4C65-95E1-A90EF902D83B}"
EndProject
Global
	GlobalSection(SolutionConfigurationPlatforms) = preSolution
		Debug|Any CPU = Debug|Any CPU
		Debug|x64 = Debug|x64
		Release|Any CPU = Release|Any CPU
		Release|x64 = Release|x64
	EndGlobalSection
	GlobalSection(ProjectConfigurationPlatforms) = postSolution
		{04A26E9D-D055-4C65-95E1-A90EF902D83B}.Debug|Any CPU.ActiveCfg = Debug|Any CPU
		{04A26E9D-D055-4C65-95E1-A90EF902D83B}.Debug|Any CPU.Build.0 = Debug|Any CPU
		{04A26E9D-D055-4C65-95E1-A90EF902D83B}.Debug|x64.ActiveCfg = Debug|x64
		{04A26E9D-D055-4C65-95E1-A90EF902D83B}.Debug|x64.Build.0 = Debug|x64
		{04A26E9D-D055-4C65-95E1-A90EF902D83B}.Release|Any CPU.ActiveCfg = Release|Any CPU
		{04A26E9D-D055-4C65-95E1-A90EF902D83B}.Release|Any CPU.Build.0 = Release|Any CPU
		{04A26E9D-D055-4C65-95E1-A90EF902D83B}.Release|x64.ActiveCfg = Release|x64
		{04A26E9D-D055-4C65-95E1-A90EF902D83B}.Release|x64.Build.0 = Release|x64
	EndGlobalSection
	GlobalSection(SolutionProperties) = preSolution
		HideSolutionNode = FALSE
	EndGlobalSection
	GlobalSection(ExtensibilityGlobals) = postSolution
		SolutionGuid = {2A67A2C8-1FB3-43CB-95CE-635D0C15A8E5}
	EndGlobalSection
EndGlobal
